<?xml version="1.0" encoding="utf-8"?>
<Project ToolsVersion="4.0" xmlns="http://schemas.microsoft.com/developer/msbuild/2003">
  <ItemGroup>
    <Filter Include="CommandQueue">
      <UniqueIdentifier>{7ead5ecf-7882-49d4-aabf-ab97980d1f7f}</UniqueIdentifier>
    </Filter>
    <Filter Include="Window">
      <UniqueIdentifier>{ba79e419-e284-4c3e-ad45-8f46f28b6ef3}</UniqueIdentifier>
    </Filter>
    <Filter Include="Application">
      <UniqueIdentifier>{c2bd851e-7d9e-4fce-a68d-0f8d321aef7d}</UniqueIdentifier>
    </Filter>
    <Filter Include="Other">
      <UniqueIdentifier>{29ccbeae-0f4a-4105-a401-2f526f6665ab}</UniqueIdentifier>
    </Filter>
    <Filter Include="Game">
      <UniqueIdentifier>{5980c1c3-5aec-4998-b289-d582ca895a54}</UniqueIdentifier>
    </Filter>
    <Filter Include="Shaders">
      <UniqueIdentifier>{420f0181-ad73-4a71-b11a-8149f7971695}</UniqueIdentifier>
    </Filter>
  </ItemGroup>
  <ItemGroup>
    <ClCompile Include="command_queue.cpp">
      <Filter>CommandQueue</Filter>
    </ClCompile>
    <ClCompile Include="window.cpp">
      <Filter>Window</Filter>
    </ClCompile>
    <ClCompile Include="application.cpp">
      <Filter>Application</Filter>
    </ClCompile>
    <ClCompile Include="high_resolution_clock.cpp">
      <Filter>Other</Filter>
    </ClCompile>
    <ClCompile Include="main.cpp" />
    <ClCompile Include="game.cpp">
      <Filter>Game</Filter>
    </ClCompile>
    <ClCompile Include="demo2.cpp">
      <Filter>Game</Filter>
    </ClCompile>
  </ItemGroup>
  <ItemGroup>
    <ClInclude Include="command_queue.h">
      <Filter>CommandQueue</Filter>
    </ClInclude>
    <ClInclude Include="window.h">
      <Filter>Window</Filter>
    </ClInclude>
    <ClInclude Include="application.h">
      <Filter>Application</Filter>
    </ClInclude>
    <ClInclude Include="defines.h">
      <Filter>Other</Filter>
    </ClInclude>
    <ClInclude Include="events.h">
      <Filter>Other</Filter>
    </ClInclude>
    <ClInclude Include="helpers.h">
      <Filter>Other</Filter>
    </ClInclude>
    <ClInclude Include="high_resolution_clock.h">
      <Filter>Other</Filter>
    </ClInclude>
    <ClInclude Include="key_codes.h">
      <Filter>Other</Filter>
    </ClInclude>
    <ClInclude Include="game.h">
      <Filter>Game</Filter>
    </ClInclude>
    <ClInclude Include="demo2.h">
      <Filter>Game</Filter>
    </ClInclude>
    <ClInclude Include="stb_image.h">
      <Filter>Other</Filter>
    </ClInclude>
  </ItemGroup>
  <ItemGroup>
    <FxCompile Include="VertexShader.hlsl">
      <Filter>Shaders</Filter>
    </FxCompile>
    <FxCompile Include="PixelShader.hlsl">
      <Filter>Shaders</Filter>
    </FxCompile>
  </ItemGroup>
</Project>